
Microsoft Visual Studio Solution File, Format Version 12.00
# Visual Studio Version 17
VisualStudioVersion = 17.0.31903.59
MinimumVisualStudioVersion = 10.0.40219.1
Project("{FAE04EC0-301F-11D3-BF4B-00C04F79EFBC}") = "Serialize", "Lab16\Serialize.csproj", "{27C07B0D-CF03-42F0-A1AE-924F88F4AD90}"
EndProject
Project("{FAE04EC0-301F-11D3-BF4B-00C04F79EFBC}") = "2Deserialize", "2Deserialize\2Deserialize.csproj", "{1A1DB185-9559-4884-B6BD-E5C4E70261A9}"
EndProject
Global
	GlobalSection(SolutionConfigurationPlatforms) = preSolution
		Debug|Any CPU = Debug|Any CPU
		Release|Any CPU = Release|Any CPU
	EndGlobalSection
	GlobalSection(ProjectConfigurationPlatforms) = postSolution
		{27C07B0D-CF03-42F0-A1AE-924F88F4AD90}.Debug|Any CPU.ActiveCfg = Debug|Any CPU
		{27C07B0D-CF03-42F0-A1AE-924F88F4AD90}.Debug|Any CPU.Build.0 = Debug|Any CPU
		{27C07B0D-CF03-42F0-A1AE-924F88F4AD90}.Release|Any CPU.ActiveCfg = Release|Any CPU
		{27C07B0D-CF03-42F0-A1AE-924F88F4AD90}.Release|Any CPU.Build.0 = Release|Any CPU
		{1A1DB185-9559-4884-B6BD-E5C4E70261A9}.Debug|Any CPU.ActiveCfg = Debug|Any CPU
		{1A1DB185-9559-4884-B6BD-E5C4E70261A9}.Debug|Any CPU.Build.0 = Debug|Any CPU
		{1A1DB185-9559-4884-B6BD-E5C4E70261A9}.Release|Any CPU.ActiveCfg = Release|Any CPU
		{1A1DB185-9559-4884-B6BD-E5C4E70261A9}.Release|Any CPU.Build.0 = Release|Any CPU
	EndGlobalSection
	GlobalSection(SolutionProperties) = preSolution
		HideSolutionNode = FALSE
	EndGlobalSection
	GlobalSection(ExtensibilityGlobals) = postSolution
		SolutionGuid = {A35DBED6-3E40-4EB5-80DF-1913667D7C68}
	EndGlobalSection
EndGlobal
